
Microsoft Visual Studio Solution File, Format Version 12.00
# Visual Studio Version 17
VisualStudioVersion = 17.13.35806.99 d17.13
MinimumVisualStudioVersion = 10.0.40219.1
Project("{FAE04EC0-301F-11D3-BF4B-00C04F79EFBC}") = "ProjectManagmentAPI", "ProjectManagmentAPI\ProjectManagmentAPI.csproj", "{30595C4E-20C3-4765-9217-B340B2CE0AB2}"
EndProject
Global
	GlobalSection(SolutionConfigurationPlatforms) = preSolution
		Debug|Any CPU = Debug|Any CPU
		Release|Any CPU = Release|Any CPU
	EndGlobalSection
	GlobalSection(ProjectConfigurationPlatforms) = postSolution
		{30595C4E-20C3-4765-9217-B340B2CE0AB2}.Debug|Any CPU.ActiveCfg = Debug|Any CPU
		{30595C4E-20C3-4765-9217-B340B2CE0AB2}.Debug|Any CPU.Build.0 = Debug|Any CPU
		{30595C4E-20C3-4765-9217-B340B2CE0AB2}.Release|Any CPU.ActiveCfg = Release|Any CPU
		{30595C4E-20C3-4765-9217-B340B2CE0AB2}.Release|Any CPU.Build.0 = Release|Any CPU
	EndGlobalSection
	GlobalSection(SolutionProperties) = preSolution
		HideSolutionNode = FALSE
	EndGlobalSection
	GlobalSection(ExtensibilityGlobals) = postSolution
		SolutionGuid = {7B14820E-5C76-479D-84AD-B7F74180E05E}
	EndGlobalSection
EndGlobal
